
Microsoft Visual Studio Solution File, Format Version 12.00
# Visual Studio Version 17
VisualStudioVersion = 17.2.32630.192
MinimumVisualStudioVersion = 10.0.40219.1
Project("{9A19103F-16F7-4668-BE54-9A1E7A4F7556}") = "R5T.Z0032.Construction", "R5T.Z0032.Construction\R5T.Z0032.Construction.csproj", "{5D6675C7-2EA4-4175-B0C5-636C6E1241CB}"
EndProject
Project("{9A19103F-16F7-4668-BE54-9A1E7A4F7556}") = "R5T.Z0032", "R5T.Z0032\R5T.Z0032.csproj", "{47113E0A-61B4-4DC0-AF22-5325024E626D}"
EndProject
Project("{2150E333-8FDC-42A3-9474-1A3956D46DE8}") = "_Dependencies", "_Dependencies", "{85DF73B4-F633-4888-BE98-D31705EA8394}"
EndProject
Project("{9A19103F-16F7-4668-BE54-9A1E7A4F7556}") = "R5T.F0000", "..\..\R5T.F0000\source\R5T.F0000\R5T.F0000.csproj", "{6E0AE498-E903-4344-A272-8F06B79D6A7A}"
EndProject
Project("{9A19103F-16F7-4668-BE54-9A1E7A4F7556}") = "R5T.R0008.T000", "..\..\R5T.R0008\source\R5T.R0008.T000\R5T.R0008.T000.csproj", "{504417B7-66F4-45B0-953C-EA5B36FC1CE4}"
EndProject
Project("{9A19103F-16F7-4668-BE54-9A1E7A4F7556}") = "R5T.R0008", "..\..\R5T.R0008\source\R5T.R0008\R5T.R0008.csproj", "{BF516EA2-62C3-47F1-9840-FE176306845C}"
EndProject
Project("{9A19103F-16F7-4668-BE54-9A1E7A4F7556}") = "R5T.T0131", "..\..\R5T.T0131\source\R5T.T0131\R5T.T0131.csproj", "{1077E99A-EF03-4E0A-8FA4-6ADF0A61C19F}"
EndProject
Project("{9A19103F-16F7-4668-BE54-9A1E7A4F7556}") = "R5T.T0132", "..\..\R5T.T0132\source\R5T.T0132\R5T.T0132.csproj", "{1C4577AA-DD0F-4B8B-B305-31045A5F8DFC}"
EndProject
Project("{9A19103F-16F7-4668-BE54-9A1E7A4F7556}") = "R5T.T0142", "..\..\R5T.T0142\source\R5T.T0142\R5T.T0142.csproj", "{BE987EC8-E8BE-45B9-9187-0E815C9EC533}"
EndProject
Project("{9A19103F-16F7-4668-BE54-9A1E7A4F7556}") = "R5T.T0143", "..\..\R5T.T0143\source\R5T.T0143\R5T.T0143.csproj", "{5C03DF44-4FFD-44B3-BB7A-325D12798759}"
EndProject
Project("{9A19103F-16F7-4668-BE54-9A1E7A4F7556}") = "R5T.T0156", "..\..\R5T.T0156\source\R5T.T0156\R5T.T0156.csproj", "{C4CAEEAC-D9F9-4816-A41A-081C082A7EEE}"
EndProject
Project("{9A19103F-16F7-4668-BE54-9A1E7A4F7556}") = "R5T.Y0000", "..\..\R5T.Y0000\source\R5T.Y0000\R5T.Y0000.csproj", "{26F8AD4F-A39E-4392-9AF3-66D1FC3EDCC9}"
EndProject
Project("{9A19103F-16F7-4668-BE54-9A1E7A4F7556}") = "R5T.Z0000", "..\..\R5T.Z0000\source\R5T.Z0000\R5T.Z0000.csproj", "{F4D2CD10-C4A2-49A8-8C85-EEB9B6512EBF}"
EndProject
Global
	GlobalSection(NestedProjects) = preSolution
		{6E0AE498-E903-4344-A272-8F06B79D6A7A} = {85DF73B4-F633-4888-BE98-D31705EA8394}
		{504417B7-66F4-45B0-953C-EA5B36FC1CE4} = {85DF73B4-F633-4888-BE98-D31705EA8394}
		{BF516EA2-62C3-47F1-9840-FE176306845C} = {85DF73B4-F633-4888-BE98-D31705EA8394}
		{1077E99A-EF03-4E0A-8FA4-6ADF0A61C19F} = {85DF73B4-F633-4888-BE98-D31705EA8394}
		{1C4577AA-DD0F-4B8B-B305-31045A5F8DFC} = {85DF73B4-F633-4888-BE98-D31705EA8394}
		{BE987EC8-E8BE-45B9-9187-0E815C9EC533} = {85DF73B4-F633-4888-BE98-D31705EA8394}
		{5C03DF44-4FFD-44B3-BB7A-325D12798759} = {85DF73B4-F633-4888-BE98-D31705EA8394}
		{C4CAEEAC-D9F9-4816-A41A-081C082A7EEE} = {85DF73B4-F633-4888-BE98-D31705EA8394}
		{26F8AD4F-A39E-4392-9AF3-66D1FC3EDCC9} = {85DF73B4-F633-4888-BE98-D31705EA8394}
		{F4D2CD10-C4A2-49A8-8C85-EEB9B6512EBF} = {85DF73B4-F633-4888-BE98-D31705EA8394}
	EndGlobalSection
	GlobalSection(SolutionConfigurationPlatforms) = preSolution
		Debug|Any CPU = Debug|Any CPU
		Release|Any CPU = Release|Any CPU
	EndGlobalSection
	GlobalSection(ProjectConfigurationPlatforms) = postSolution
		{5D6675C7-2EA4-4175-B0C5-636C6E1241CB}.Debug|Any CPU.ActiveCfg = Debug|Any CPU
		{5D6675C7-2EA4-4175-B0C5-636C6E1241CB}.Debug|Any CPU.Build.0 = Debug|Any CPU
		{5D6675C7-2EA4-4175-B0C5-636C6E1241CB}.Release|Any CPU.ActiveCfg = Release|Any CPU
		{5D6675C7-2EA4-4175-B0C5-636C6E1241CB}.Release|Any CPU.Build.0 = Release|Any CPU
		{47113E0A-61B4-4DC0-AF22-5325024E626D}.Debug|Any CPU.ActiveCfg = Debug|Any CPU
		{47113E0A-61B4-4DC0-AF22-5325024E626D}.Debug|Any CPU.Build.0 = Debug|Any CPU
		{47113E0A-61B4-4DC0-AF22-5325024E626D}.Release|Any CPU.ActiveCfg = Release|Any CPU
		{47113E0A-61B4-4DC0-AF22-5325024E626D}.Release|Any CPU.Build.0 = Release|Any CPU
		{6E0AE498-E903-4344-A272-8F06B79D6A7A}.Debug|Any CPU.ActiveCfg = Debug|Any CPU
		{6E0AE498-E903-4344-A272-8F06B79D6A7A}.Debug|Any CPU.Build.0 = Debug|Any CPU
		{6E0AE498-E903-4344-A272-8F06B79D6A7A}.Release|Any CPU.ActiveCfg = Release|Any CPU
		{6E0AE498-E903-4344-A272-8F06B79D6A7A}.Release|Any CPU.Build.0 = Release|Any CPU
		{504417B7-66F4-45B0-953C-EA5B36FC1CE4}.Debug|Any CPU.ActiveCfg = Debug|Any CPU
		{504417B7-66F4-45B0-953C-EA5B36FC1CE4}.Debug|Any CPU.Build.0 = Debug|Any CPU
		{504417B7-66F4-45B0-953C-EA5B36FC1CE4}.Release|Any CPU.ActiveCfg = Release|Any CPU
		{504417B7-66F4-45B0-953C-EA5B36FC1CE4}.Release|Any CPU.Build.0 = Release|Any CPU
		{BF516EA2-62C3-47F1-9840-FE176306845C}.Debug|Any CPU.ActiveCfg = Debug|Any CPU
		{BF516EA2-62C3-47F1-9840-FE176306845C}.Debug|Any CPU.Build.0 = Debug|Any CPU
		{BF516EA2-62C3-47F1-9840-FE176306845C}.Release|Any CPU.ActiveCfg = Release|Any CPU
		{BF516EA2-62C3-47F1-9840-FE176306845C}.Release|Any CPU.Build.0 = Release|Any CPU
		{1077E99A-EF03-4E0A-8FA4-6ADF0A61C19F}.Debug|Any CPU.ActiveCfg = Debug|Any CPU
		{1077E99A-EF03-4E0A-8FA4-6ADF0A61C19F}.Debug|Any CPU.Build.0 = Debug|Any CPU
		{1077E99A-EF03-4E0A-8FA4-6ADF0A61C19F}.Release|Any CPU.ActiveCfg = Release|Any CPU
		{1077E99A-EF03-4E0A-8FA4-6ADF0A61C19F}.Release|Any CPU.Build.0 = Release|Any CPU
		{1C4577AA-DD0F-4B8B-B305-31045A5F8DFC}.Debug|Any CPU.ActiveCfg = Debug|Any CPU
		{1C4577AA-DD0F-4B8B-B305-31045A5F8DFC}.Debug|Any CPU.Build.0 = Debug|Any CPU
		{1C4577AA-DD0F-4B8B-B305-31045A5F8DFC}.Release|Any CPU.ActiveCfg = Release|Any CPU
		{1C4577AA-DD0F-4B8B-B305-31045A5F8DFC}.Release|Any CPU.Build.0 = Release|Any CPU
		{BE987EC8-E8BE-45B9-9187-0E815C9EC533}.Debug|Any CPU.ActiveCfg = Debug|Any CPU
		{BE987EC8-E8BE-45B9-9187-0E815C9EC533}.Debug|Any CPU.Build.0 = Debug|Any CPU
		{BE987EC8-E8BE-45B9-9187-0E815C9EC533}.Release|Any CPU.ActiveCfg = Release|Any CPU
		{BE987EC8-E8BE-45B9-9187-0E815C9EC533}.Release|Any CPU.Build.0 = Release|Any CPU
		{5C03DF44-4FFD-44B3-BB7A-325D12798759}.Debug|Any CPU.ActiveCfg = Debug|Any CPU
		{5C03DF44-4FFD-44B3-BB7A-325D12798759}.Debug|Any CPU.Build.0 = Debug|Any CPU
		{5C03DF44-4FFD-44B3-BB7A-325D12798759}.Release|Any CPU.ActiveCfg = Release|Any CPU
		{5C03DF44-4FFD-44B3-BB7A-325D12798759}.Release|Any CPU.Build.0 = Release|Any CPU
		{C4CAEEAC-D9F9-4816-A41A-081C082A7EEE}.Debug|Any CPU.ActiveCfg = Debug|Any CPU
		{C4CAEEAC-D9F9-4816-A41A-081C082A7EEE}.Debug|Any CPU.Build.0 = Debug|Any CPU
		{C4CAEEAC-D9F9-4816-A41A-081C082A7EEE}.Release|Any CPU.ActiveCfg = Release|Any CPU
		{C4CAEEAC-D9F9-4816-A41A-081C082A7EEE}.Release|Any CPU.Build.0 = Release|Any CPU
		{26F8AD4F-A39E-4392-9AF3-66D1FC3EDCC9}.Debug|Any CPU.ActiveCfg = Debug|Any CPU
		{26F8AD4F-A39E-4392-9AF3-66D1FC3EDCC9}.Debug|Any CPU.Build.0 = Debug|Any CPU
		{26F8AD4F-A39E-4392-9AF3-66D1FC3EDCC9}.Release|Any CPU.ActiveCfg = Release|Any CPU
		{26F8AD4F-A39E-4392-9AF3-66D1FC3EDCC9}.Release|Any CPU.Build.0 = Release|Any CPU
		{F4D2CD10-C4A2-49A8-8C85-EEB9B6512EBF}.Debug|Any CPU.ActiveCfg = Debug|Any CPU
		{F4D2CD10-C4A2-49A8-8C85-EEB9B6512EBF}.Debug|Any CPU.Build.0 = Debug|Any CPU
		{F4D2CD10-C4A2-49A8-8C85-EEB9B6512EBF}.Release|Any CPU.ActiveCfg = Release|Any CPU
		{F4D2CD10-C4A2-49A8-8C85-EEB9B6512EBF}.Release|Any CPU.Build.0 = Release|Any CPU
	EndGlobalSection
	GlobalSection(SolutionProperties) = preSolution
		HideSolutionNode = FALSE
	EndGlobalSection
	GlobalSection(ExtensibilityGlobals) = postSolution
		SolutionGuid = {61C194BA-3F88-438F-90D6-8B4A0EC96F55}
	EndGlobalSection
EndGlobal
