
Microsoft Visual Studio Solution File, Format Version 12.00
# Visual Studio Version 17
VisualStudioVersion = 17.2.32630.192
MinimumVisualStudioVersion = 10.0.40219.1
Project("{9A19103F-16F7-4668-BE54-9A1E7A4F7556}") = "R5T.Z0032", "R5T.Z0032\R5T.Z0032.csproj", "{387C1916-5D5F-44CA-A258-CE1BBF1AC8D6}"
EndProject
Project("{2150E333-8FDC-42A3-9474-1A3956D46DE8}") = "_Dependencies", "_Dependencies", "{F0EA1CCA-0D6B-4CB4-895C-6D264B8CD129}"
EndProject
Project("{9A19103F-16F7-4668-BE54-9A1E7A4F7556}") = "R5T.F0000", "..\..\R5T.F0000\source\R5T.F0000\R5T.F0000.csproj", "{824B5433-CE39-417F-916D-7232F516405A}"
EndProject
Project("{9A19103F-16F7-4668-BE54-9A1E7A4F7556}") = "R5T.R0008.T000", "..\..\R5T.R0008\source\R5T.R0008.T000\R5T.R0008.T000.csproj", "{C0DE472E-EDA2-42B1-8936-6144C3B134FF}"
EndProject
Project("{9A19103F-16F7-4668-BE54-9A1E7A4F7556}") = "R5T.R0008", "..\..\R5T.R0008\source\R5T.R0008\R5T.R0008.csproj", "{A4A9D6E4-0451-4A5B-9FF2-75A2F7274E92}"
EndProject
Project("{9A19103F-16F7-4668-BE54-9A1E7A4F7556}") = "R5T.T0131", "..\..\R5T.T0131\source\R5T.T0131\R5T.T0131.csproj", "{BE3C6806-3A90-425A-AF67-A08562F93969}"
EndProject
Project("{9A19103F-16F7-4668-BE54-9A1E7A4F7556}") = "R5T.T0132", "..\..\R5T.T0132\source\R5T.T0132\R5T.T0132.csproj", "{2CB211BD-A13F-461B-AD4A-72D0416E580F}"
EndProject
Project("{9A19103F-16F7-4668-BE54-9A1E7A4F7556}") = "R5T.T0142", "..\..\R5T.T0142\source\R5T.T0142\R5T.T0142.csproj", "{BC515938-7357-49D4-922E-4F301E631EF6}"
EndProject
Project("{9A19103F-16F7-4668-BE54-9A1E7A4F7556}") = "R5T.T0143", "..\..\R5T.T0143\source\R5T.T0143\R5T.T0143.csproj", "{E2E37A38-0475-4497-BA22-17921BE99B78}"
EndProject
Project("{9A19103F-16F7-4668-BE54-9A1E7A4F7556}") = "R5T.T0156", "..\..\R5T.T0156\source\R5T.T0156\R5T.T0156.csproj", "{E74BE01F-1199-445A-BBD6-0E476DBB3B81}"
EndProject
Project("{9A19103F-16F7-4668-BE54-9A1E7A4F7556}") = "R5T.Y0000", "..\..\R5T.Y0000\source\R5T.Y0000\R5T.Y0000.csproj", "{7C043FC2-5CCC-4226-A543-B7F145BF6F40}"
EndProject
Project("{9A19103F-16F7-4668-BE54-9A1E7A4F7556}") = "R5T.Z0000", "..\..\R5T.Z0000\source\R5T.Z0000\R5T.Z0000.csproj", "{1D1D4EF0-4B73-41E7-AF81-89157533A2FE}"
EndProject
Global
	GlobalSection(NestedProjects) = preSolution
		{824B5433-CE39-417F-916D-7232F516405A} = {F0EA1CCA-0D6B-4CB4-895C-6D264B8CD129}
		{C0DE472E-EDA2-42B1-8936-6144C3B134FF} = {F0EA1CCA-0D6B-4CB4-895C-6D264B8CD129}
		{A4A9D6E4-0451-4A5B-9FF2-75A2F7274E92} = {F0EA1CCA-0D6B-4CB4-895C-6D264B8CD129}
		{BE3C6806-3A90-425A-AF67-A08562F93969} = {F0EA1CCA-0D6B-4CB4-895C-6D264B8CD129}
		{2CB211BD-A13F-461B-AD4A-72D0416E580F} = {F0EA1CCA-0D6B-4CB4-895C-6D264B8CD129}
		{BC515938-7357-49D4-922E-4F301E631EF6} = {F0EA1CCA-0D6B-4CB4-895C-6D264B8CD129}
		{E2E37A38-0475-4497-BA22-17921BE99B78} = {F0EA1CCA-0D6B-4CB4-895C-6D264B8CD129}
		{E74BE01F-1199-445A-BBD6-0E476DBB3B81} = {F0EA1CCA-0D6B-4CB4-895C-6D264B8CD129}
		{7C043FC2-5CCC-4226-A543-B7F145BF6F40} = {F0EA1CCA-0D6B-4CB4-895C-6D264B8CD129}
		{1D1D4EF0-4B73-41E7-AF81-89157533A2FE} = {F0EA1CCA-0D6B-4CB4-895C-6D264B8CD129}
	EndGlobalSection
	GlobalSection(SolutionConfigurationPlatforms) = preSolution
		Debug|Any CPU = Debug|Any CPU
		Release|Any CPU = Release|Any CPU
	EndGlobalSection
	GlobalSection(ProjectConfigurationPlatforms) = postSolution
		{387C1916-5D5F-44CA-A258-CE1BBF1AC8D6}.Debug|Any CPU.ActiveCfg = Debug|Any CPU
		{387C1916-5D5F-44CA-A258-CE1BBF1AC8D6}.Debug|Any CPU.Build.0 = Debug|Any CPU
		{387C1916-5D5F-44CA-A258-CE1BBF1AC8D6}.Release|Any CPU.ActiveCfg = Release|Any CPU
		{387C1916-5D5F-44CA-A258-CE1BBF1AC8D6}.Release|Any CPU.Build.0 = Release|Any CPU
		{824B5433-CE39-417F-916D-7232F516405A}.Debug|Any CPU.ActiveCfg = Debug|Any CPU
		{824B5433-CE39-417F-916D-7232F516405A}.Debug|Any CPU.Build.0 = Debug|Any CPU
		{824B5433-CE39-417F-916D-7232F516405A}.Release|Any CPU.ActiveCfg = Release|Any CPU
		{824B5433-CE39-417F-916D-7232F516405A}.Release|Any CPU.Build.0 = Release|Any CPU
		{C0DE472E-EDA2-42B1-8936-6144C3B134FF}.Debug|Any CPU.ActiveCfg = Debug|Any CPU
		{C0DE472E-EDA2-42B1-8936-6144C3B134FF}.Debug|Any CPU.Build.0 = Debug|Any CPU
		{C0DE472E-EDA2-42B1-8936-6144C3B134FF}.Release|Any CPU.ActiveCfg = Release|Any CPU
		{C0DE472E-EDA2-42B1-8936-6144C3B134FF}.Release|Any CPU.Build.0 = Release|Any CPU
		{A4A9D6E4-0451-4A5B-9FF2-75A2F7274E92}.Debug|Any CPU.ActiveCfg = Debug|Any CPU
		{A4A9D6E4-0451-4A5B-9FF2-75A2F7274E92}.Debug|Any CPU.Build.0 = Debug|Any CPU
		{A4A9D6E4-0451-4A5B-9FF2-75A2F7274E92}.Release|Any CPU.ActiveCfg = Release|Any CPU
		{A4A9D6E4-0451-4A5B-9FF2-75A2F7274E92}.Release|Any CPU.Build.0 = Release|Any CPU
		{BE3C6806-3A90-425A-AF67-A08562F93969}.Debug|Any CPU.ActiveCfg = Debug|Any CPU
		{BE3C6806-3A90-425A-AF67-A08562F93969}.Debug|Any CPU.Build.0 = Debug|Any CPU
		{BE3C6806-3A90-425A-AF67-A08562F93969}.Release|Any CPU.ActiveCfg = Release|Any CPU
		{BE3C6806-3A90-425A-AF67-A08562F93969}.Release|Any CPU.Build.0 = Release|Any CPU
		{2CB211BD-A13F-461B-AD4A-72D0416E580F}.Debug|Any CPU.ActiveCfg = Debug|Any CPU
		{2CB211BD-A13F-461B-AD4A-72D0416E580F}.Debug|Any CPU.Build.0 = Debug|Any CPU
		{2CB211BD-A13F-461B-AD4A-72D0416E580F}.Release|Any CPU.ActiveCfg = Release|Any CPU
		{2CB211BD-A13F-461B-AD4A-72D0416E580F}.Release|Any CPU.Build.0 = Release|Any CPU
		{BC515938-7357-49D4-922E-4F301E631EF6}.Debug|Any CPU.ActiveCfg = Debug|Any CPU
		{BC515938-7357-49D4-922E-4F301E631EF6}.Debug|Any CPU.Build.0 = Debug|Any CPU
		{BC515938-7357-49D4-922E-4F301E631EF6}.Release|Any CPU.ActiveCfg = Release|Any CPU
		{BC515938-7357-49D4-922E-4F301E631EF6}.Release|Any CPU.Build.0 = Release|Any CPU
		{E2E37A38-0475-4497-BA22-17921BE99B78}.Debug|Any CPU.ActiveCfg = Debug|Any CPU
		{E2E37A38-0475-4497-BA22-17921BE99B78}.Debug|Any CPU.Build.0 = Debug|Any CPU
		{E2E37A38-0475-4497-BA22-17921BE99B78}.Release|Any CPU.ActiveCfg = Release|Any CPU
		{E2E37A38-0475-4497-BA22-17921BE99B78}.Release|Any CPU.Build.0 = Release|Any CPU
		{E74BE01F-1199-445A-BBD6-0E476DBB3B81}.Debug|Any CPU.ActiveCfg = Debug|Any CPU
		{E74BE01F-1199-445A-BBD6-0E476DBB3B81}.Debug|Any CPU.Build.0 = Debug|Any CPU
		{E74BE01F-1199-445A-BBD6-0E476DBB3B81}.Release|Any CPU.ActiveCfg = Release|Any CPU
		{E74BE01F-1199-445A-BBD6-0E476DBB3B81}.Release|Any CPU.Build.0 = Release|Any CPU
		{7C043FC2-5CCC-4226-A543-B7F145BF6F40}.Debug|Any CPU.ActiveCfg = Debug|Any CPU
		{7C043FC2-5CCC-4226-A543-B7F145BF6F40}.Debug|Any CPU.Build.0 = Debug|Any CPU
		{7C043FC2-5CCC-4226-A543-B7F145BF6F40}.Release|Any CPU.ActiveCfg = Release|Any CPU
		{7C043FC2-5CCC-4226-A543-B7F145BF6F40}.Release|Any CPU.Build.0 = Release|Any CPU
		{1D1D4EF0-4B73-41E7-AF81-89157533A2FE}.Debug|Any CPU.ActiveCfg = Debug|Any CPU
		{1D1D4EF0-4B73-41E7-AF81-89157533A2FE}.Debug|Any CPU.Build.0 = Debug|Any CPU
		{1D1D4EF0-4B73-41E7-AF81-89157533A2FE}.Release|Any CPU.ActiveCfg = Release|Any CPU
		{1D1D4EF0-4B73-41E7-AF81-89157533A2FE}.Release|Any CPU.Build.0 = Release|Any CPU
	EndGlobalSection
	GlobalSection(SolutionProperties) = preSolution
		HideSolutionNode = FALSE
	EndGlobalSection
	GlobalSection(ExtensibilityGlobals) = postSolution
		SolutionGuid = {894E0DAE-31AD-4D33-883D-95A817BEFB88}
	EndGlobalSection
EndGlobal
